
Microsoft Visual Studio Solution File, Format Version 12.00
# Visual Studio Version 16
VisualStudioVersion = 16.0.31624.102
MinimumVisualStudioVersion = 10.0.40219.1
Project("{FAE04EC0-301F-11D3-BF4B-00C04F79EFBC}") = "LoginBlazor", "LoginBlazor.csproj", "{44C91160-1F4C-4843-9C06-7832949059A3}"
EndProject
Global
	GlobalSection(SolutionConfigurationPlatforms) = preSolution
		Debug|Any CPU = Debug|Any CPU
		Release|Any CPU = Release|Any CPU
	EndGlobalSection
	GlobalSection(ProjectConfigurationPlatforms) = postSolution
		{44C91160-1F4C-4843-9C06-7832949059A3}.Debug|Any CPU.ActiveCfg = Debug|Any CPU
		{44C91160-1F4C-4843-9C06-7832949059A3}.Debug|Any CPU.Build.0 = Debug|Any CPU
		{44C91160-1F4C-4843-9C06-7832949059A3}.Release|Any CPU.ActiveCfg = Release|Any CPU
		{44C91160-1F4C-4843-9C06-7832949059A3}.Release|Any CPU.Build.0 = Release|Any CPU
	EndGlobalSection
	GlobalSection(SolutionProperties) = preSolution
		HideSolutionNode = FALSE
	EndGlobalSection
	GlobalSection(ExtensibilityGlobals) = postSolution
		SolutionGuid = {8336C99F-DDD6-4CBC-ADBF-99E2EE31B2B5}
	EndGlobalSection
EndGlobal
